
Microsoft Visual Studio Solution File, Format Version 12.00
# Visual Studio Version 17
VisualStudioVersion = 17.1.32328.378
MinimumVisualStudioVersion = 10.0.40219.1
Project("{FAE04EC0-301F-11D3-BF4B-00C04F79EFBC}") = "LambdaExpressionDay24", "LambdaExpressionDay24\LambdaExpressionDay24.csproj", "{4F319CDE-CCA3-4CE2-BC09-E259182C402B}"
EndProject
Global
	GlobalSection(SolutionConfigurationPlatforms) = preSolution
		Debug|Any CPU = Debug|Any CPU
		Release|Any CPU = Release|Any CPU
	EndGlobalSection
	GlobalSection(ProjectConfigurationPlatforms) = postSolution
		{4F319CDE-CCA3-4CE2-BC09-E259182C402B}.Debug|Any CPU.ActiveCfg = Debug|Any CPU
		{4F319CDE-CCA3-4CE2-BC09-E259182C402B}.Debug|Any CPU.Build.0 = Debug|Any CPU
		{4F319CDE-CCA3-4CE2-BC09-E259182C402B}.Release|Any CPU.ActiveCfg = Release|Any CPU
		{4F319CDE-CCA3-4CE2-BC09-E259182C402B}.Release|Any CPU.Build.0 = Release|Any CPU
	EndGlobalSection
	GlobalSection(SolutionProperties) = preSolution
		HideSolutionNode = FALSE
	EndGlobalSection
	GlobalSection(ExtensibilityGlobals) = postSolution
		SolutionGuid = {49C1FDCE-30D0-4A2C-9C30-4C000141AB1F}
	EndGlobalSection
EndGlobal
